{
  "name": "nats-method",
  "version": "1.3.1",
  "lockfileVersion": 1,
  "requires": true,
  "dependencies": {
    "nats": {
      "version": "0.7.20",
      "resolved": "https://registry.npmjs.org/nats/-/nats-0.7.20.tgz",
      "integrity": "sha1-+VHYFeLd3OZc0N2l+wEk68CTbdk=",
      "requires": {
        "nuid": "0.6.14"
      }
    },
    "nuid": {
      "version": "0.6.14",
      "resolved": "https://registry.npmjs.org/nuid/-/nuid-0.6.14.tgz",
      "integrity": "sha1-oiXItyDkbFY62NE2QTaGafbCW0g="
    },
    "simple-json-logger": {
      "version": "1.1.0",
      "resolved": "https://registry.npmjs.org/simple-json-logger/-/simple-json-logger-1.1.0.tgz",
      "integrity": "sha512-9G4JaHywBHESZtqYUGlk3OkfFGibWmn3BXgo9llkpJKZnreW51v4OvkPZo6v+ZLLDXmIICl+A3pjKFuFzUwTFQ=="
    }
  }
}
